{
  "name": "INFO-6128-Locator",
  "lockfileVersion": 2,
  "requires": true,
  "packages": {
    "": {
      "dependencies": {
        "localforage": "^1.10.0",
        "onsenui": "^2.11.2"
      }
    },
    "node_modules/@onsenui/custom-elements": {
      "version": "1.0.0",
      "resolved": "https://registry.npmjs.org/@onsenui/custom-elements/-/custom-elements-1.0.0.tgz",
      "integrity": "sha512-KhYeDFhQyE6j3xxWqyu3q8KgeuaRGUwDjuHnmS1gRri+OZ6w6CUqYPn6kidZjXz+LkU2dEp/D+BWo+9Qi6nSSQ=="
    },
    "node_modules/core-js": {
      "version": "2.6.12",
      "resolved": "https://registry.npmjs.org/core-js/-/core-js-2.6.12.tgz",
      "integrity": "sha512-Kb2wC0fvsWfQrgk8HU5lW6U/Lcs8+9aaYcy4ZFc6DDlo4nZ7n70dEgE5rtR0oG6ufKDUnrwfWL1mXR5ljDatrQ==",
      "deprecated": "core-js@<3.4 is no longer maintained and not recommended for usage due to the number of issues. Because of the V8 engine whims, feature detection in old core-js versions could cause a slowdown up to 100x even if nothing is polyfilled. Please, upgrade your dependencies to the actual version of core-js.",
      "hasInstallScript": true
    },
    "node_modules/immediate": {
      "version": "3.0.6",
      "resolved": "https://registry.npmjs.org/immediate/-/immediate-3.0.6.tgz",
      "integrity": "sha1-nbHb0Pr43m++D13V5Wu2BigN5ps="
    },
    "node_modules/lie": {
      "version": "3.1.1",
      "resolved": "https://registry.npmjs.org/lie/-/lie-3.1.1.tgz",
      "integrity": "sha1-mkNrLMd0bKWd56QfpGmz77dr2H4=",
      "dependencies": {
        "immediate": "~3.0.5"
      }
    },
    "node_modules/localforage": {
      "version": "1.10.0",
      "resolved": "https://registry.npmjs.org/localforage/-/localforage-1.10.0.tgz",
      "integrity": "sha512-14/H1aX7hzBBmmh7sGPd+AOMkkIrHM3Z1PAyGgZigA1H1p5O5ANnMyWzvpAETtG68/dC4pC0ncy3+PPGzXZHPg==",
      "dependencies": {
        "lie": "3.1.1"
      }
    },
    "node_modules/onsenui": {
      "version": "2.11.2",
      "resolved": "https://registry.npmjs.org/onsenui/-/onsenui-2.11.2.tgz",
      "integrity": "sha512-gllq4jJvFynSt+i4oujYdkQ/lrtfWfLXsFHEyx2SsbQ7R7B0xiGNbl2l1xGjunncwvKSZ1nxmaZEbDHElUmKEw==",
      "dependencies": {
        "@onsenui/custom-elements": "1.0.0",
        "core-js": "^2.6.12"
      },
      "engines": {
        "node": ">= 4.0.0"
      }
    }
  },
  "dependencies": {
    "@onsenui/custom-elements": {
      "version": "1.0.0",
      "resolved": "https://registry.npmjs.org/@onsenui/custom-elements/-/custom-elements-1.0.0.tgz",
      "integrity": "sha512-KhYeDFhQyE6j3xxWqyu3q8KgeuaRGUwDjuHnmS1gRri+OZ6w6CUqYPn6kidZjXz+LkU2dEp/D+BWo+9Qi6nSSQ=="
    },
    "core-js": {
      "version": "2.6.12",
      "resolved": "https://registry.npmjs.org/core-js/-/core-js-2.6.12.tgz",
      "integrity": "sha512-Kb2wC0fvsWfQrgk8HU5lW6U/Lcs8+9aaYcy4ZFc6DDlo4nZ7n70dEgE5rtR0oG6ufKDUnrwfWL1mXR5ljDatrQ=="
    },
    "immediate": {
      "version": "3.0.6",
      "resolved": "https://registry.npmjs.org/immediate/-/immediate-3.0.6.tgz",
      "integrity": "sha1-nbHb0Pr43m++D13V5Wu2BigN5ps="
    },
    "lie": {
      "version": "3.1.1",
      "resolved": "https://registry.npmjs.org/lie/-/lie-3.1.1.tgz",
      "integrity": "sha1-mkNrLMd0bKWd56QfpGmz77dr2H4=",
      "requires": {
        "immediate": "~3.0.5"
      }
    },
    "localforage": {
      "version": "1.10.0",
      "resolved": "https://registry.npmjs.org/localforage/-/localforage-1.10.0.tgz",
      "integrity": "sha512-14/H1aX7hzBBmmh7sGPd+AOMkkIrHM3Z1PAyGgZigA1H1p5O5ANnMyWzvpAETtG68/dC4pC0ncy3+PPGzXZHPg==",
      "requires": {
        "lie": "3.1.1"
      }
    },
    "onsenui": {
      "version": "2.11.2",
      "resolved": "https://registry.npmjs.org/onsenui/-/onsenui-2.11.2.tgz",
      "integrity": "sha512-gllq4jJvFynSt+i4oujYdkQ/lrtfWfLXsFHEyx2SsbQ7R7B0xiGNbl2l1xGjunncwvKSZ1nxmaZEbDHElUmKEw==",
      "requires": {
        "@onsenui/custom-elements": "1.0.0",
        "core-js": "^2.6.12"
      }
    }
  }
}
